// !$*UTF8*$!
{
	archiveVersion = 1;
	classes = {
	};
	objectVersion = 55;
	objects = {

/* Begin PBXBuildFile section */
		8C177BBE2894AD2D004A4370 /* AppDelegate.swift in Sources */ = {isa = PBXBuildFile; fileRef = 8C177BBD2894AD2D004A4370 /* AppDelegate.swift */; };
		8C177BC02894AD2D004A4370 /* SceneDelegate.swift in Sources */ = {isa = PBXBuildFile; fileRef = 8C177BBF2894AD2D004A4370 /* SceneDelegate.swift */; };
		8C177BC22894AD2D004A4370 /* ViewController.swift in Sources */ = {isa = PBXBuildFile; fileRef = 8C177BC12894AD2D004A4370 /* ViewController.swift */; };
		8C177BC52894AD2D004A4370 /* Main.storyboard in Resources */ = {isa = PBXBuildFile; fileRef = 8C177BC32894AD2D004A4370 /* Main.storyboard */; };
		8C177BC72894AD31004A4370 /* Assets.xcassets in Resources */ = {isa = PBXBuildFile; fileRef = 8C177BC62894AD31004A4370 /* Assets.xcassets */; };
		8C177BCA2894AD31004A4370 /* LaunchScreen.storyboard in Resources */ = {isa = PBXBuildFile; fileRef = 8C177BC82894AD31004A4370 /* LaunchScreen.storyboard */; };
		8C177BD52894AD31004A4370 /* CoinFlipProjectTests.swift in Sources */ = {isa = PBXBuildFile; fileRef = 8C177BD42894AD31004A4370 /* CoinFlipProjectTests.swift */; };
		8C177BDF2894AD31004A4370 /* CoinFlipProjectUITests.swift in Sources */ = {isa = PBXBuildFile; fileRef = 8C177BDE2894AD31004A4370 /* CoinFlipProjectUITests.swift */; };
		8C177BE12894AD31004A4370 /* CoinFlipProjectUITestsLaunchTests.swift in Sources */ = {isa = PBXBuildFile; fileRef = 8C177BE02894AD31004A4370 /* CoinFlipProjectUITestsLaunchTests.swift */; };
/* End PBXBuildFile section */

/* Begin PBXContainerItemProxy section */
		8C177BD12894AD31004A4370 /* PBXContainerItemProxy */ = {
			isa = PBXContainerItemProxy;
			containerPortal = 8C177BB22894AD2C004A4370 /* Project object */;
			proxyType = 1;
			remoteGlobalIDString = 8C177BB92894AD2D004A4370;
			remoteInfo = CoinFlipProject;
		};
		8C177BDB2894AD31004A4370 /* PBXContainerItemProxy */ = {
			isa = PBXContainerItemProxy;
			containerPortal = 8C177BB22894AD2C004A4370 /* Project object */;
			proxyType = 1;
			remoteGlobalIDString = 8C177BB92894AD2D004A4370;
			remoteInfo = CoinFlipProject;
		};
/* End PBXContainerItemProxy section */

/* Begin PBXFileReference section */
		8C177BBA2894AD2D004A4370 /* CoinFlipProject.app */ = {isa = PBXFileReference; explicitFileType = wrapper.application; includeInIndex = 0; path = CoinFlipProject.app; sourceTree = BUILT_PRODUCTS_DIR; };
		8C177BBD2894AD2D004A4370 /* AppDelegate.swift */ = {isa = PBXFileReference; lastKnownFileType = sourcecode.swift; path = AppDelegate.swift; sourceTree = "<group>"; };
		8C177BBF2894AD2D004A4370 /* SceneDelegate.swift */ = {isa = PBXFileReference; lastKnownFileType = sourcecode.swift; path = SceneDelegate.swift; sourceTree = "<group>"; };
		8C177BC12894AD2D004A4370 /* ViewController.swift */ = {isa = PBXFileReference; lastKnownFileType = sourcecode.swift; path = ViewController.swift; sourceTree = "<group>"; };
		8C177BC42894AD2D004A4370 /* Base */ = {isa = PBXFileReference; lastKnownFileType = file.storyboard; name = Base; path = Base.lproj/Main.storyboard; sourceTree = "<group>"; };
		8C177BC62894AD31004A4370 /* Assets.xcassets */ = {isa = PBXFileReference; lastKnownFileType = folder.assetcatalog; path = Assets.xcassets; sourceTree = "<group>"; };
		8C177BC92894AD31004A4370 /* Base */ = {isa = PBXFileReference; lastKnownFileType = file.storyboard; name = Base; path = Base.lproj/LaunchScreen.storyboard; sourceTree = "<group>"; };
		8C177BCB2894AD31004A4370 /* Info.plist */ = {isa = PBXFileReference; lastKnownFileType = text.plist.xml; path = Info.plist; sourceTree = "<group>"; };
		8C177BD02894AD31004A4370 /* CoinFlipProjectTests.xctest */ = {isa = PBXFileReference; explicitFileType = wrapper.cfbundle; includeInIndex = 0; path = CoinFlipProjectTests.xctest; sourceTree = BUILT_PRODUCTS_DIR; };
		8C177BD42894AD31004A4370 /* CoinFlipProjectTests.swift */ = {isa = PBXFileReference; lastKnownFileType = sourcecode.swift; path = CoinFlipProjectTests.swift; sourceTree = "<group>"; };
		8C177BDA2894AD31004A4370 /* CoinFlipProjectUITests.xctest */ = {isa = PBXFileReference; explicitFileType = wrapper.cfbundle; includeInIndex = 0; path = CoinFlipProjectUITests.xctest; sourceTree = BUILT_PRODUCTS_DIR; };
		8C177BDE2894AD31004A4370 /* CoinFlipProjectUITests.swift */ = {isa = PBXFileReference; lastKnownFileType = sourcecode.swift; path = CoinFlipProjectUITests.swift; sourceTree = "<group>"; };
		8C177BE02894AD31004A4370 /* CoinFlipProjectUITestsLaunchTests.swift */ = {isa = PBXFileReference; lastKnownFileType = sourcecode.swift; path = CoinFlipProjectUITestsLaunchTests.swift; sourceTree = "<group>"; };
/* End PBXFileReference section */

/* Begin PBXFrameworksBuildPhase section */
		8C177BB72894AD2D004A4370 /* Frameworks */ = {
			isa = PBXFrameworksBuildPhase;
			buildActionMask = 2147483647;
			files = (
			);
			runOnlyForDeploymentPostprocessing = 0;
		};
		8C177BCD2894AD31004A4370 /* Frameworks */ = {
			isa = PBXFrameworksBuildPhase;
			buildActionMask = 2147483647;
			files = (
			);
			runOnlyForDeploymentPostprocessing = 0;
		};
		8C177BD72894AD31004A4370 /* Frameworks */ = {
			isa = PBXFrameworksBuildPhase;
			buildActionMask = 2147483647;
			files = (
			);
			runOnlyForDeploymentPostprocessing = 0;
		};
/* End PBXFrameworksBuildPhase section */

/* Begin PBXGroup section */
		8C177BB12894AD2C004A4370 = {
			isa = PBXGroup;
			children = (
				8C177BBC2894AD2D004A4370 /* CoinFlipProject */,
				8C177BD32894AD31004A4370 /* CoinFlipProjectTests */,
				8C177BDD2894AD31004A4370 /* CoinFlipProjectUITests */,
				8C177BBB2894AD2D004A4370 /* Products */,
			);
			sourceTree = "<group>";
		};
		8C177BBB2894AD2D004A4370 /* Products */ = {
			isa = PBXGroup;
			children = (
				8C177BBA2894AD2D004A4370 /* CoinFlipProject.app */,
				8C177BD02894AD31004A4370 /* CoinFlipProjectTests.xctest */,
				8C177BDA2894AD31004A4370 /* CoinFlipProjectUITests.xctest */,
			);
			name = Products;
			sourceTree = "<group>";
		};
		8C177BBC2894AD2D004A4370 /* CoinFlipProject */ = {
			isa = PBXGroup;
			children = (
				8C177BBD2894AD2D004A4370 /* AppDelegate.swift */,
				8C177BBF2894AD2D004A4370 /* SceneDelegate.swift */,
				8C177BC12894AD2D004A4370 /* ViewController.swift */,
				8C177BC32894AD2D004A4370 /* Main.storyboard */,
				8C177BC62894AD31004A4370 /* Assets.xcassets */,
				8C177BC82894AD31004A4370 /* LaunchScreen.storyboard */,
				8C177BCB2894AD31004A4370 /* Info.plist */,
			);
			path = CoinFlipProject;
			sourceTree = "<group>";
		};
		8C177BD32894AD31004A4370 /* CoinFlipProjectTests */ = {
			isa = PBXGroup;
			children = (
				8C177BD42894AD31004A4370 /* CoinFlipProjectTests.swift */,
			);
			path = CoinFlipProjectTests;
			sourceTree = "<group>";
		};
		8C177BDD2894AD31004A4370 /* CoinFlipProjectUITests */ = {
			isa = PBXGroup;
			children = (
				8C177BDE2894AD31004A4370 /* CoinFlipProjectUITests.swift */,
				8C177BE02894AD31004A4370 /* CoinFlipProjectUITestsLaunchTests.swift */,
			);
			path = CoinFlipProjectUITests;
			sourceTree = "<group>";
		};
/* End PBXGroup section */

/* Begin PBXNativeTarget section */
		8C177BB92894AD2D004A4370 /* CoinFlipProject */ = {
			isa = PBXNativeTarget;
			buildConfigurationList = 8C177BE42894AD31004A4370 /* Build configuration list for PBXNativeTarget "CoinFlipProject" */;
			buildPhases = (
				8C177BB62894AD2D004A4370 /* Sources */,
				8C177BB72894AD2D004A4370 /* Frameworks */,
				8C177BB82894AD2D004A4370 /* Resources */,
			);
			buildRules = (
			);
			dependencies = (
			);
			name = CoinFlipProject;
			productName = CoinFlipProject;
			productReference = 8C177BBA2894AD2D004A4370 /* CoinFlipProject.app */;
			productType = "com.apple.product-type.application";
		};
		8C177BCF2894AD31004A4370 /* CoinFlipProjectTests */ = {
			isa = PBXNativeTarget;
			buildConfigurationList = 8C177BE72894AD31004A4370 /* Build configuration list for PBXNativeTarget "CoinFlipProjectTests" */;
			buildPhases = (
				8C177BCC2894AD31004A4370 /* Sources */,
				8C177BCD2894AD31004A4370 /* Frameworks */,
				8C177BCE2894AD31004A4370 /* Resources */,
			);
			buildRules = (
			);
			dependencies = (
				8C177BD22894AD31004A4370 /* PBXTargetDependency */,
			);
			name = CoinFlipProjectTests;
			productName = CoinFlipProjectTests;
			productReference = 8C177BD02894AD31004A4370 /* CoinFlipProjectTests.xctest */;
			productType = "com.apple.product-type.bundle.unit-test";
		};
		8C177BD92894AD31004A4370 /* CoinFlipProjectUITests */ = {
			isa = PBXNativeTarget;
			buildConfigurationList = 8C177BEA2894AD31004A4370 /* Build configuration list for PBXNativeTarget "CoinFlipProjectUITests" */;
			buildPhases = (
				8C177BD62894AD31004A4370 /* Sources */,
				8C177BD72894AD31004A4370 /* Frameworks */,
				8C177BD82894AD31004A4370 /* Resources */,
			);
			buildRules = (
			);
			dependencies = (
				8C177BDC2894AD31004A4370 /* PBXTargetDependency */,
			);
			name = CoinFlipProjectUITests;
			productName = CoinFlipProjectUITests;
			productReference = 8C177BDA2894AD31004A4370 /* CoinFlipProjectUITests.xctest */;
			productType = "com.apple.product-type.bundle.ui-testing";
		};
/* End PBXNativeTarget section */

/* Begin PBXProject section */
		8C177BB22894AD2C004A4370 /* Project object */ = {
			isa = PBXProject;
			attributes = {
				BuildIndependentTargetsInParallel = 1;
				LastSwiftUpdateCheck = 1340;
				LastUpgradeCheck = 1340;
				TargetAttributes = {
					8C177BB92894AD2D004A4370 = {
						CreatedOnToolsVersion = 13.4.1;
					};
					8C177BCF2894AD31004A4370 = {
						CreatedOnToolsVersion = 13.4.1;
						TestTargetID = 8C177BB92894AD2D004A4370;
					};
					8C177BD92894AD31004A4370 = {
						CreatedOnToolsVersion = 13.4.1;
						TestTargetID = 8C177BB92894AD2D004A4370;
					};
				};
			};
			buildConfigurationList = 8C177BB52894AD2C004A4370 /* Build configuration list for PBXProject "CoinFlipProject" */;
			compatibilityVersion = "Xcode 13.0";
			developmentRegion = en;
			hasScannedForEncodings = 0;
			knownRegions = (
				en,
				Base,
			);
			mainGroup = 8C177BB12894AD2C004A4370;
			productRefGroup = 8C177BBB2894AD2D004A4370 /* Products */;
			projectDirPath = "";
			projectRoot = "";
			targets = (
				8C177BB92894AD2D004A4370 /* CoinFlipProject */,
				8C177BCF2894AD31004A4370 /* CoinFlipProjectTests */,
				8C177BD92894AD31004A4370 /* CoinFlipProjectUITests */,
			);
		};
/* End PBXProject section */

/* Begin PBXResourcesBuildPhase section */
		8C177BB82894AD2D004A4370 /* Resources */ = {
			isa = PBXResourcesBuildPhase;
			buildActionMask = 2147483647;
			files = (
				8C177BCA2894AD31004A4370 /* LaunchScreen.storyboard in Resources */,
				8C177BC72894AD31004A4370 /* Assets.xcassets in Resources */,
				8C177BC52894AD2D004A4370 /* Main.storyboard in Resources */,
			);
			runOnlyForDeploymentPostprocessing = 0;
		};
		8C177BCE2894AD31004A4370 /* Resources */ = {
			isa = PBXResourcesBuildPhase;
			buildActionMask = 2147483647;
			files = (
			);
			runOnlyForDeploymentPostprocessing = 0;
		};
		8C177BD82894AD31004A4370 /* Resources */ = {
			isa = PBXResourcesBuildPhase;
			buildActionMask = 2147483647;
			files = (
			);
			runOnlyForDeploymentPostprocessing = 0;
		};
/* End PBXResourcesBuildPhase section */

/* Begin PBXSourcesBuildPhase section */
		8C177BB62894AD2D004A4370 /* Sources */ = {
			isa = PBXSourcesBuildPhase;
			buildActionMask = 2147483647;
			files = (
				8C177BC22894AD2D004A4370 /* ViewController.swift in Sources */,
				8C177BBE2894AD2D004A4370 /* AppDelegate.swift in Sources */,
				8C177BC02894AD2D004A4370 /* SceneDelegate.swift in Sources */,
			);
			runOnlyForDeploymentPostprocessing = 0;
		};
		8C177BCC2894AD31004A4370 /* Sources */ = {
			isa = PBXSourcesBuildPhase;
			buildActionMask = 2147483647;
			files = (
				8C177BD52894AD31004A4370 /* CoinFlipProjectTests.swift in Sources */,
			);
			runOnlyForDeploymentPostprocessing = 0;
		};
		8C177BD62894AD31004A4370 /* Sources */ = {
			isa = PBXSourcesBuildPhase;
			buildActionMask = 2147483647;
			files = (
				8C177BE12894AD31004A4370 /* CoinFlipProjectUITestsLaunchTests.swift in Sources */,
				8C177BDF2894AD31004A4370 /* CoinFlipProjectUITests.swift in Sources */,
			);
			runOnlyForDeploymentPostprocessing = 0;
		};
/* End PBXSourcesBuildPhase section */

/* Begin PBXTargetDependency section */
		8C177BD22894AD31004A4370 /* PBXTargetDependency */ = {
			isa = PBXTargetDependency;
			target = 8C177BB92894AD2D004A4370 /* CoinFlipProject */;
			targetProxy = 8C177BD12894AD31004A4370 /* PBXContainerItemProxy */;
		};
		8C177BDC2894AD31004A4370 /* PBXTargetDependency */ = {
			isa = PBXTargetDependency;
			target = 8C177BB92894AD2D004A4370 /* CoinFlipProject */;
			targetProxy = 8C177BDB2894AD31004A4370 /* PBXContainerItemProxy */;
		};
/* End PBXTargetDependency section */

/* Begin PBXVariantGroup section */
		8C177BC32894AD2D004A4370 /* Main.storyboard */ = {
			isa = PBXVariantGroup;
			children = (
				8C177BC42894AD2D004A4370 /* Base */,
			);
			name = Main.storyboard;
			sourceTree = "<group>";
		};
		8C177BC82894AD31004A4370 /* LaunchScreen.storyboard */ = {
			isa = PBXVariantGroup;
			children = (
				8C177BC92894AD31004A4370 /* Base */,
			);
			name = LaunchScreen.storyboard;
			sourceTree = "<group>";
		};
/* End PBXVariantGroup section */

/* Begin XCBuildConfiguration section */
		8C177BE22894AD31004A4370 /* Debug */ = {
			isa = XCBuildConfiguration;
			buildSettings = {
				ALWAYS_SEARCH_USER_PATHS = NO;
				CLANG_ANALYZER_NONNULL = YES;
				CLANG_ANALYZER_NUMBER_OBJECT_CONVERSION = YES_AGGRESSIVE;
				CLANG_CXX_LANGUAGE_STANDARD = "gnu++17";
				CLANG_ENABLE_MODULES = YES;
				CLANG_ENABLE_OBJC_ARC = YES;
				CLANG_ENABLE_OBJC_WEAK = YES;
				CLANG_WARN_BLOCK_CAPTURE_AUTORELEASING = YES;
				CLANG_WARN_BOOL_CONVERSION = YES;
				CLANG_WARN_COMMA = YES;
				CLANG_WARN_CONSTANT_CONVERSION = YES;
				CLANG_WARN_DEPRECATED_OBJC_IMPLEMENTATIONS = YES;
				CLANG_WARN_DIRECT_OBJC_ISA_USAGE = YES_ERROR;
				CLANG_WARN_DOCUMENTATION_COMMENTS = YES;
				CLANG_WARN_EMPTY_BODY = YES;
				CLANG_WARN_ENUM_CONVERSION = YES;
				CLANG_WARN_INFINITE_RECURSION = YES;
				CLANG_WARN_INT_CONVERSION = YES;
				CLANG_WARN_NON_LITERAL_NULL_CONVERSION = YES;
				CLANG_WARN_OBJC_IMPLICIT_RETAIN_SELF = YES;
				CLANG_WARN_OBJC_LITERAL_CONVERSION = YES;
				CLANG_WARN_OBJC_ROOT_CLASS = YES_ERROR;
				CLANG_WARN_QUOTED_INCLUDE_IN_FRAMEWORK_HEADER = YES;
				CLANG_WARN_RANGE_LOOP_ANALYSIS = YES;
				CLANG_WARN_STRICT_PROTOTYPES = YES;
				CLANG_WARN_SUSPICIOUS_MOVE = YES;
				CLANG_WARN_UNGUARDED_AVAILABILITY = YES_AGGRESSIVE;
				CLANG_WARN_UNREACHABLE_CODE = YES;
				CLANG_WARN__DUPLICATE_METHOD_MATCH = YES;
				COPY_PHASE_STRIP = NO;
				DEBUG_INFORMATION_FORMAT = dwarf;
				ENABLE_STRICT_OBJC_MSGSEND = YES;
				ENABLE_TESTABILITY = YES;
				GCC_C_LANGUAGE_STANDARD = gnu11;
				GCC_DYNAMIC_NO_PIC = NO;
				GCC_NO_COMMON_BLOCKS = YES;
				GCC_OPTIMIZATION_LEVEL = 0;
				GCC_PREPROCESSOR_DEFINITIONS = (
					"DEBUG=1",
					"$(inherited)",
				);
				GCC_WARN_64_TO_32_BIT_CONVERSION = YES;
				GCC_WARN_ABOUT_RETURN_TYPE = YES_ERROR;
				GCC_WARN_UNDECLARED_SELECTOR = YES;
				GCC_WARN_UNINITIALIZED_AUTOS = YES_AGGRESSIVE;
				GCC_WARN_UNUSED_FUNCTION = YES;
				GCC_WARN_UNUSED_VARIABLE = YES;
				IPHONEOS_DEPLOYMENT_TARGET = 15.5;
				MTL_ENABLE_DEBUG_INFO = INCLUDE_SOURCE;
				MTL_FAST_MATH = YES;
				ONLY_ACTIVE_ARCH = YES;
				SDKROOT = iphoneos;
				SWIFT_ACTIVE_COMPILATION_CONDITIONS = DEBUG;
				SWIFT_OPTIMIZATION_LEVEL = "-Onone";
			};
			name = Debug;
		};
		8C177BE32894AD31004A4370 /* Release */ = {
			isa = XCBuildConfiguration;
			buildSettings = {
				ALWAYS_SEARCH_USER_PATHS = NO;
				CLANG_ANALYZER_NONNULL = YES;
				CLANG_ANALYZER_NUMBER_OBJECT_CONVERSION = YES_AGGRESSIVE;
				CLANG_CXX_LANGUAGE_STANDARD = "gnu++17";
				CLANG_ENABLE_MODULES = YES;
				CLANG_ENABLE_OBJC_ARC = YES;
				CLANG_ENABLE_OBJC_WEAK = YES;
				CLANG_WARN_BLOCK_CAPTURE_AUTORELEASING = YES;
				CLANG_WARN_BOOL_CONVERSION = YES;
				CLANG_WARN_COMMA = YES;
				CLANG_WARN_CONSTANT_CONVERSION = YES;
				CLANG_WARN_DEPRECATED_OBJC_IMPLEMENTATIONS = YES;
				CLANG_WARN_DIRECT_OBJC_ISA_USAGE = YES_ERROR;
				CLANG_WARN_DOCUMENTATION_COMMENTS = YES;
				CLANG_WARN_EMPTY_BODY = YES;
				CLANG_WARN_ENUM_CONVERSION = YES;
				CLANG_WARN_INFINITE_RECURSION = YES;
				CLANG_WARN_INT_CONVERSION = YES;
				CLANG_WARN_NON_LITERAL_NULL_CONVERSION = YES;
				CLANG_WARN_OBJC_IMPLICIT_RETAIN_SELF = YES;
				CLANG_WARN_OBJC_LITERAL_CONVERSION = YES;
				CLANG_WARN_OBJC_ROOT_CLASS = YES_ERROR;
				CLANG_WARN_QUOTED_INCLUDE_IN_FRAMEWORK_HEADER = YES;
				CLANG_WARN_RANGE_LOOP_ANALYSIS = YES;
				CLANG_WARN_STRICT_PROTOTYPES = YES;
				CLANG_WARN_SUSPICIOUS_MOVE = YES;
				CLANG_WARN_UNGUARDED_AVAILABILITY = YES_AGGRESSIVE;
				CLANG_WARN_UNREACHABLE_CODE = YES;
				CLANG_WARN__DUPLICATE_METHOD_MATCH = YES;
				COPY_PHASE_STRIP = NO;
				DEBUG_INFORMATION_FORMAT = "dwarf-with-dsym";
				ENABLE_NS_ASSERTIONS = NO;
				ENABLE_STRICT_OBJC_MSGSEND = YES;
				GCC_C_LANGUAGE_STANDARD = gnu11;
				GCC_NO_COMMON_BLOCKS = YES;
				GCC_WARN_64_TO_32_BIT_CONVERSION = YES;
				GCC_WARN_ABOUT_RETURN_TYPE = YES_ERROR;
				GCC_WARN_UNDECLARED_SELECTOR = YES;
				GCC_WARN_UNINITIALIZED_AUTOS = YES_AGGRESSIVE;
				GCC_WARN_UNUSED_FUNCTION = YES;
				GCC_WARN_UNUSED_VARIABLE = YES;
				IPHONEOS_DEPLOYMENT_TARGET = 15.5;
				MTL_ENABLE_DEBUG_INFO = NO;
				MTL_FAST_MATH = YES;
				SDKROOT = iphoneos;
				SWIFT_COMPILATION_MODE = wholemodule;
				SWIFT_OPTIMIZATION_LEVEL = "-O";
				VALIDATE_PRODUCT = YES;
			};
			name = Release;
		};
		8C177BE52894AD31004A4370 /* Debug */ = {
			isa = XCBuildConfiguration;
			buildSettings = {
				ASSETCATALOG_COMPILER_APPICON_NAME = AppIcon;
				ASSETCATALOG_COMPILER_GLOBAL_ACCENT_COLOR_NAME = AccentColor;
				CODE_SIGN_STYLE = Automatic;
				CURRENT_PROJECT_VERSION = 1;
				DEVELOPMENT_TEAM = CRPB5AHSY2;
				GENERATE_INFOPLIST_FILE = YES;
				INFOPLIST_FILE = CoinFlipProject/Info.plist;
				INFOPLIST_KEY_UIApplicationSupportsIndirectInputEvents = YES;
				INFOPLIST_KEY_UILaunchStoryboardName = LaunchScreen;
				INFOPLIST_KEY_UIMainStoryboardFile = Main;
				INFOPLIST_KEY_UISupportedInterfaceOrientations_iPad = "UIInterfaceOrientationPortrait UIInterfaceOrientationPortraitUpsideDown UIInterfaceOrientationLandscapeLeft UIInterfaceOrientationLandscapeRight";
				INFOPLIST_KEY_UISupportedInterfaceOrientations_iPhone = "UIInterfaceOrientationPortrait UIInterfaceOrientationLandscapeLeft UIInterfaceOrientationLandscapeRight";
				LD_RUNPATH_SEARCH_PATHS = (
					"$(inherited)",
					"@executable_path/Frameworks",
				);
				MARKETING_VERSION = 1.0;
				PRODUCT_BUNDLE_IDENTIFIER = NateW.CoinFlipProject;
				PRODUCT_NAME = "$(TARGET_NAME)";
				SWIFT_EMIT_LOC_STRINGS = YES;
				SWIFT_VERSION = 5.0;
				TARGETED_DEVICE_FAMILY = "1,2";
			};
			name = Debug;
		};
		8C177BE62894AD31004A4370 /* Release */ = {
			isa = XCBuildConfiguration;
			buildSettings = {
				ASSETCATALOG_COMPILER_APPICON_NAME = AppIcon;
				ASSETCATALOG_COMPILER_GLOBAL_ACCENT_COLOR_NAME = AccentColor;
				CODE_SIGN_STYLE = Automatic;
				CURRENT_PROJECT_VERSION = 1;
				DEVELOPMENT_TEAM = CRPB5AHSY2;
				GENERATE_INFOPLIST_FILE = YES;
				INFOPLIST_FILE = CoinFlipProject/Info.plist;
				INFOPLIST_KEY_UIApplicationSupportsIndirectInputEvents = YES;
				INFOPLIST_KEY_UILaunchStoryboardName = LaunchScreen;
				INFOPLIST_KEY_UIMainStoryboardFile = Main;
				INFOPLIST_KEY_UISupportedInterfaceOrientations_iPad = "UIInterfaceOrientationPortrait UIInterfaceOrientationPortraitUpsideDown UIInterfaceOrientationLandscapeLeft UIInterfaceOrientationLandscapeRight";
				INFOPLIST_KEY_UISupportedInterfaceOrientations_iPhone = "UIInterfaceOrientationPortrait UIInterfaceOrientationLandscapeLeft UIInterfaceOrientationLandscapeRight";
				LD_RUNPATH_SEARCH_PATHS = (
					"$(inherited)",
					"@executable_path/Frameworks",
				);
				MARKETING_VERSION = 1.0;
				PRODUCT_BUNDLE_IDENTIFIER = NateW.CoinFlipProject;
				PRODUCT_NAME = "$(TARGET_NAME)";
				SWIFT_EMIT_LOC_STRINGS = YES;
				SWIFT_VERSION = 5.0;
				TARGETED_DEVICE_FAMILY = "1,2";
			};
			name = Release;
		};
		8C177BE82894AD31004A4370 /* Debug */ = {
			isa = XCBuildConfiguration;
			buildSettings = {
				ALWAYS_EMBED_SWIFT_STANDARD_LIBRARIES = YES;
				BUNDLE_LOADER = "$(TEST_HOST)";
				CODE_SIGN_STYLE = Automatic;
				CURRENT_PROJECT_VERSION = 1;
				DEVELOPMENT_TEAM = CRPB5AHSY2;
				GENERATE_INFOPLIST_FILE = YES;
				IPHONEOS_DEPLOYMENT_TARGET = 15.5;
				MARKETING_VERSION = 1.0;
				PRODUCT_BUNDLE_IDENTIFIER = NateW.CoinFlipProjectTests;
				PRODUCT_NAME = "$(TARGET_NAME)";
				SWIFT_EMIT_LOC_STRINGS = NO;
				SWIFT_VERSION = 5.0;
				TARGETED_DEVICE_FAMILY = "1,2";
				TEST_HOST = "$(BUILT_PRODUCTS_DIR)/CoinFlipProject.app/CoinFlipProject";
			};
			name = Debug;
		};
		8C177BE92894AD31004A4370 /* Release */ = {
			isa = XCBuildConfiguration;
			buildSettings = {
				ALWAYS_EMBED_SWIFT_STANDARD_LIBRARIES = YES;
				BUNDLE_LOADER = "$(TEST_HOST)";
				CODE_SIGN_STYLE = Automatic;
				CURRENT_PROJECT_VERSION = 1;
				DEVELOPMENT_TEAM = CRPB5AHSY2;
				GENERATE_INFOPLIST_FILE = YES;
				IPHONEOS_DEPLOYMENT_TARGET = 15.5;
				MARKETING_VERSION = 1.0;
				PRODUCT_BUNDLE_IDENTIFIER = NateW.CoinFlipProjectTests;
				PRODUCT_NAME = "$(TARGET_NAME)";
				SWIFT_EMIT_LOC_STRINGS = NO;
				SWIFT_VERSION = 5.0;
				TARGETED_DEVICE_FAMILY = "1,2";
				TEST_HOST = "$(BUILT_PRODUCTS_DIR)/CoinFlipProject.app/CoinFlipProject";
			};
			name = Release;
		};
		8C177BEB2894AD31004A4370 /* Debug */ = {
			isa = XCBuildConfiguration;
			buildSettings = {
				ALWAYS_EMBED_SWIFT_STANDARD_LIBRARIES = YES;
				CODE_SIGN_STYLE = Automatic;
				CURRENT_PROJECT_VERSION = 1;
				DEVELOPMENT_TEAM = CRPB5AHSY2;
				GENERATE_INFOPLIST_FILE = YES;
				MARKETING_VERSION = 1.0;
				PRODUCT_BUNDLE_IDENTIFIER = NateW.CoinFlipProjectUITests;
				PRODUCT_NAME = "$(TARGET_NAME)";
				SWIFT_EMIT_LOC_STRINGS = NO;
				SWIFT_VERSION = 5.0;
				TARGETED_DEVICE_FAMILY = "1,2";
				TEST_TARGET_NAME = CoinFlipProject;
			};
			name = Debug;
		};
		8C177BEC2894AD31004A4370 /* Release */ = {
			isa = XCBuildConfiguration;
			buildSettings = {
				ALWAYS_EMBED_SWIFT_STANDARD_LIBRARIES = YES;
				CODE_SIGN_STYLE = Automatic;
				CURRENT_PROJECT_VERSION = 1;
				DEVELOPMENT_TEAM = CRPB5AHSY2;
				GENERATE_INFOPLIST_FILE = YES;
				MARKETING_VERSION = 1.0;
				PRODUCT_BUNDLE_IDENTIFIER = NateW.CoinFlipProjectUITests;
				PRODUCT_NAME = "$(TARGET_NAME)";
				SWIFT_EMIT_LOC_STRINGS = NO;
				SWIFT_VERSION = 5.0;
				TARGETED_DEVICE_FAMILY = "1,2";
				TEST_TARGET_NAME = CoinFlipProject;
			};
			name = Release;
		};
/* End XCBuildConfiguration section */

/* Begin XCConfigurationList section */
		8C177BB52894AD2C004A4370 /* Build configuration list for PBXProject "CoinFlipProject" */ = {
			isa = XCConfigurationList;
			buildConfigurations = (
				8C177BE22894AD31004A4370 /* Debug */,
				8C177BE32894AD31004A4370 /* Release */,
			);
			defaultConfigurationIsVisible = 0;
			defaultConfigurationName = Release;
		};
		8C177BE42894AD31004A4370 /* Build configuration list for PBXNativeTarget "CoinFlipProject" */ = {
			isa = XCConfigurationList;
			buildConfigurations = (
				8C177BE52894AD31004A4370 /* Debug */,
				8C177BE62894AD31004A4370 /* Release */,
			);
			defaultConfigurationIsVisible = 0;
			defaultConfigurationName = Release;
		};
		8C177BE72894AD31004A4370 /* Build configuration list for PBXNativeTarget "CoinFlipProjectTests" */ = {
			isa = XCConfigurationList;
			buildConfigurations = (
				8C177BE82894AD31004A4370 /* Debug */,
				8C177BE92894AD31004A4370 /* Release */,
			);
			defaultConfigurationIsVisible = 0;
			defaultConfigurationName = Release;
		};
		8C177BEA2894AD31004A4370 /* Build configuration list for PBXNativeTarget "CoinFlipProjectUITests" */ = {
			isa = XCConfigurationList;
			buildConfigurations = (
				8C177BEB2894AD31004A4370 /* Debug */,
				8C177BEC2894AD31004A4370 /* Release */,
			);
			defaultConfigurationIsVisible = 0;
			defaultConfigurationName = Release;
		};
/* End XCConfigurationList section */
	};
	rootObject = 8C177BB22894AD2C004A4370 /* Project object */;
}
